
Microsoft Visual Studio Solution File, Format Version 12.00
# Visual Studio Version 17
VisualStudioVersion = 17.9.34902.65
MinimumVisualStudioVersion = 10.0.40219.1
Project("{FAE04EC0-301F-11D3-BF4B-00C04F79EFBC}") = "FluentAssertionsForDateAndTime", "FluentAssertionsForDateAndTime\FluentAssertionsForDateAndTime.csproj", "{8207F289-B83A-48B7-9911-E5C557A5AE4F}"
EndProject
Global
	GlobalSection(SolutionConfigurationPlatforms) = preSolution
		Debug|Any CPU = Debug|Any CPU
		Release|Any CPU = Release|Any CPU
	EndGlobalSection
	GlobalSection(ProjectConfigurationPlatforms) = postSolution
		{8207F289-B83A-48B7-9911-E5C557A5AE4F}.Debug|Any CPU.ActiveCfg = Debug|Any CPU
		{8207F289-B83A-48B7-9911-E5C557A5AE4F}.Debug|Any CPU.Build.0 = Debug|Any CPU
		{8207F289-B83A-48B7-9911-E5C557A5AE4F}.Release|Any CPU.ActiveCfg = Release|Any CPU
		{8207F289-B83A-48B7-9911-E5C557A5AE4F}.Release|Any CPU.Build.0 = Release|Any CPU
	EndGlobalSection
	GlobalSection(SolutionProperties) = preSolution
		HideSolutionNode = FALSE
	EndGlobalSection
	GlobalSection(ExtensibilityGlobals) = postSolution
		SolutionGuid = {61E6083F-B218-4EFC-BD52-65F6E30C6368}
	EndGlobalSection
EndGlobal
